
Microsoft Visual Studio Solution File, Format Version 12.00
# Visual Studio 15
VisualStudioVersion = 15.0.28307.1022
MinimumVisualStudioVersion = 10.0.40219.1
Project("{FAE04EC0-301F-11D3-BF4B-00C04F79EFBC}") = "Projetinho", "Projetinho\Projetinho.csproj", "{CDADB01E-9D1B-49B3-A22C-EEB479B66AC1}"
EndProject
Global
	GlobalSection(SolutionConfigurationPlatforms) = preSolution
		Debug|Any CPU = Debug|Any CPU
		Release|Any CPU = Release|Any CPU
	EndGlobalSection
	GlobalSection(ProjectConfigurationPlatforms) = postSolution
		{CDADB01E-9D1B-49B3-A22C-EEB479B66AC1}.Debug|Any CPU.ActiveCfg = Debug|Any CPU
		{CDADB01E-9D1B-49B3-A22C-EEB479B66AC1}.Debug|Any CPU.Build.0 = Debug|Any CPU
		{CDADB01E-9D1B-49B3-A22C-EEB479B66AC1}.Release|Any CPU.ActiveCfg = Release|Any CPU
		{CDADB01E-9D1B-49B3-A22C-EEB479B66AC1}.Release|Any CPU.Build.0 = Release|Any CPU
	EndGlobalSection
	GlobalSection(SolutionProperties) = preSolution
		HideSolutionNode = FALSE
	EndGlobalSection
	GlobalSection(ExtensibilityGlobals) = postSolution
		SolutionGuid = {4A4E8425-39BB-4D76-AC23-67B93673FE20}
	EndGlobalSection
EndGlobal
